
Microsoft Visual Studio Solution File, Format Version 12.00
# Visual Studio 15
VisualStudioVersion = 15.0.28307.329
MinimumVisualStudioVersion = 10.0.40219.1
Project("{FAE04EC0-301F-11D3-BF4B-00C04F79EFBC}") = "ConsoleApp4", "ConsoleApp4\ConsoleApp4.csproj", "{3784F0B5-9AF7-432C-8705-4FF5BA6FD29E}"
EndProject
Project("{FAE04EC0-301F-11D3-BF4B-00C04F79EFBC}") = "RectangleTest", "RectangleTest\RectangleTest.csproj", "{66945E8D-51BF-450A-8D3A-49DB3C7B8CA6}"
EndProject
Global
	GlobalSection(SolutionConfigurationPlatforms) = preSolution
		Debug|Any CPU = Debug|Any CPU
		Release|Any CPU = Release|Any CPU
	EndGlobalSection
	GlobalSection(ProjectConfigurationPlatforms) = postSolution
		{3784F0B5-9AF7-432C-8705-4FF5BA6FD29E}.Debug|Any CPU.ActiveCfg = Debug|Any CPU
		{3784F0B5-9AF7-432C-8705-4FF5BA6FD29E}.Debug|Any CPU.Build.0 = Debug|Any CPU
		{3784F0B5-9AF7-432C-8705-4FF5BA6FD29E}.Release|Any CPU.ActiveCfg = Release|Any CPU
		{3784F0B5-9AF7-432C-8705-4FF5BA6FD29E}.Release|Any CPU.Build.0 = Release|Any CPU
		{66945E8D-51BF-450A-8D3A-49DB3C7B8CA6}.Debug|Any CPU.ActiveCfg = Debug|Any CPU
		{66945E8D-51BF-450A-8D3A-49DB3C7B8CA6}.Debug|Any CPU.Build.0 = Debug|Any CPU
		{66945E8D-51BF-450A-8D3A-49DB3C7B8CA6}.Release|Any CPU.ActiveCfg = Release|Any CPU
		{66945E8D-51BF-450A-8D3A-49DB3C7B8CA6}.Release|Any CPU.Build.0 = Release|Any CPU
	EndGlobalSection
	GlobalSection(SolutionProperties) = preSolution
		HideSolutionNode = FALSE
	EndGlobalSection
	GlobalSection(ExtensibilityGlobals) = postSolution
		SolutionGuid = {890F6201-C6BE-43A8-9AD1-801736F384D4}
	EndGlobalSection
EndGlobal
